Microsoft Visual Studio Solution File, Format Version 12.00
# Visual Studio Version 17
VisualStudioVersion = 17.5.2.0
MinimumVisualStudioVersion = 10.0.40219.1
Project("{FAE04EC0-301F-11D3-BF4B-00C04F79EFBC}") = "CatchBlocks", "CatchBlocks.csproj", "{3375EE19-33CA-D7DC-590D-953FE06AECFE}"
EndProject
Global
	GlobalSection(SolutionConfigurationPlatforms) = preSolution
		Debug|Any CPU = Debug|Any CPU
		Release|Any CPU = Release|Any CPU
	EndGlobalSection
	GlobalSection(ProjectConfigurationPlatforms) = postSolution
		{3375EE19-33CA-D7DC-590D-953FE06AECFE}.Debug|Any CPU.ActiveCfg = Debug|Any CPU
		{3375EE19-33CA-D7DC-590D-953FE06AECFE}.Debug|Any CPU.Build.0 = Debug|Any CPU
		{3375EE19-33CA-D7DC-590D-953FE06AECFE}.Release|Any CPU.ActiveCfg = Release|Any CPU
		{3375EE19-33CA-D7DC-590D-953FE06AECFE}.Release|Any CPU.Build.0 = Release|Any CPU
	EndGlobalSection
	GlobalSection(SolutionProperties) = preSolution
		HideSolutionNode = FALSE
	EndGlobalSection
	GlobalSection(ExtensibilityGlobals) = postSolution
		SolutionGuid = {FEF60EE4-0AE8-46CE-8CF2-EB8AC4936B09}
	EndGlobalSection
EndGlobal
