Microsoft Visual Studio Solution File, Format Version 12.00
# Visual Studio Version 17
VisualStudioVersion = 17.5.2.0
MinimumVisualStudioVersion = 10.0.40219.1
Project("{FAE04EC0-301F-11D3-BF4B-00C04F79EFBC}") = "Pet_app", "Pet_app.csproj", "{93CE60B2-C815-8C31-FF6B-2D5E74A8BC10}"
EndProject
Global
	GlobalSection(SolutionConfigurationPlatforms) = preSolution
		Debug|Any CPU = Debug|Any CPU
		Release|Any CPU = Release|Any CPU
	EndGlobalSection
	GlobalSection(ProjectConfigurationPlatforms) = postSolution
		{93CE60B2-C815-8C31-FF6B-2D5E74A8BC10}.Debug|Any CPU.ActiveCfg = Debug|Any CPU
		{93CE60B2-C815-8C31-FF6B-2D5E74A8BC10}.Debug|Any CPU.Build.0 = Debug|Any CPU
		{93CE60B2-C815-8C31-FF6B-2D5E74A8BC10}.Release|Any CPU.ActiveCfg = Release|Any CPU
		{93CE60B2-C815-8C31-FF6B-2D5E74A8BC10}.Release|Any CPU.Build.0 = Release|Any CPU
	EndGlobalSection
	GlobalSection(SolutionProperties) = preSolution
		HideSolutionNode = FALSE
	EndGlobalSection
	GlobalSection(ExtensibilityGlobals) = postSolution
		SolutionGuid = {538433D5-1E74-4241-970C-35850ABE1F11}
	EndGlobalSection
EndGlobal
